
Microsoft Visual Studio Solution File, Format Version 12.00
# Visual Studio Version 16
VisualStudioVersion = 16.0.30114.105
MinimumVisualStudioVersion = 10.0.40219.1
Project("{FAE04EC0-301F-11D3-BF4B-00C04F79EFBC}") = "Provisioning.Interfaces", "Provisioning.Interfaces\Provisioning.Interfaces.csproj", "{47607B35-BA81-4D5C-94DD-733CBA325CFB}"
EndProject
Project("{FAE04EC0-301F-11D3-BF4B-00C04F79EFBC}") = "Provisioning.BL", "Provisioning.BL\Provisioning.BL.csproj", "{0FDF88BE-5B82-4BC5-84B7-8D1BAA354BD8}"
EndProject
Project("{FAE04EC0-301F-11D3-BF4B-00C04F79EFBC}") = "Provisioning.BL.Tests", "Provisioning.BL.Tests\Provisioning.BL.Tests.csproj", "{9F34F287-DDE0-41A3-9D34-AD8BFA4936C2}"
EndProject
Project("{FAE04EC0-301F-11D3-BF4B-00C04F79EFBC}") = "Provisioning.Infrastructure", "Provisioning.Infrastructure\Provisioning.Infrastructure.csproj", "{1CEA17C1-71CC-48F0-830B-72C7A951BA19}"
EndProject
Project("{FAE04EC0-301F-11D3-BF4B-00C04F79EFBC}") = "Provisioning.Infrastructure.IntegrationTests", "Provisioning.Infrastructure.IntegrationTests\Provisioning.Infrastructure.IntegrationTests.csproj", "{BCA1E612-C498-4C8C-BF5E-69B9B6097241}"
EndProject
Global
	GlobalSection(SolutionConfigurationPlatforms) = preSolution
		Debug|Any CPU = Debug|Any CPU
		Release|Any CPU = Release|Any CPU
	EndGlobalSection
	GlobalSection(SolutionProperties) = preSolution
		HideSolutionNode = FALSE
	EndGlobalSection
	GlobalSection(ProjectConfigurationPlatforms) = postSolution
		{47607B35-BA81-4D5C-94DD-733CBA325CFB}.Debug|Any CPU.ActiveCfg = Debug|Any CPU
		{47607B35-BA81-4D5C-94DD-733CBA325CFB}.Debug|Any CPU.Build.0 = Debug|Any CPU
		{47607B35-BA81-4D5C-94DD-733CBA325CFB}.Release|Any CPU.ActiveCfg = Release|Any CPU
		{47607B35-BA81-4D5C-94DD-733CBA325CFB}.Release|Any CPU.Build.0 = Release|Any CPU
		{0FDF88BE-5B82-4BC5-84B7-8D1BAA354BD8}.Debug|Any CPU.ActiveCfg = Debug|Any CPU
		{0FDF88BE-5B82-4BC5-84B7-8D1BAA354BD8}.Debug|Any CPU.Build.0 = Debug|Any CPU
		{0FDF88BE-5B82-4BC5-84B7-8D1BAA354BD8}.Release|Any CPU.ActiveCfg = Release|Any CPU
		{0FDF88BE-5B82-4BC5-84B7-8D1BAA354BD8}.Release|Any CPU.Build.0 = Release|Any CPU
		{9F34F287-DDE0-41A3-9D34-AD8BFA4936C2}.Debug|Any CPU.ActiveCfg = Debug|Any CPU
		{9F34F287-DDE0-41A3-9D34-AD8BFA4936C2}.Debug|Any CPU.Build.0 = Debug|Any CPU
		{9F34F287-DDE0-41A3-9D34-AD8BFA4936C2}.Release|Any CPU.ActiveCfg = Release|Any CPU
		{9F34F287-DDE0-41A3-9D34-AD8BFA4936C2}.Release|Any CPU.Build.0 = Release|Any CPU
		{1CEA17C1-71CC-48F0-830B-72C7A951BA19}.Debug|Any CPU.ActiveCfg = Debug|Any CPU
		{1CEA17C1-71CC-48F0-830B-72C7A951BA19}.Debug|Any CPU.Build.0 = Debug|Any CPU
		{1CEA17C1-71CC-48F0-830B-72C7A951BA19}.Release|Any CPU.ActiveCfg = Release|Any CPU
		{1CEA17C1-71CC-48F0-830B-72C7A951BA19}.Release|Any CPU.Build.0 = Release|Any CPU
		{BCA1E612-C498-4C8C-BF5E-69B9B6097241}.Debug|Any CPU.ActiveCfg = Debug|Any CPU
		{BCA1E612-C498-4C8C-BF5E-69B9B6097241}.Debug|Any CPU.Build.0 = Debug|Any CPU
		{BCA1E612-C498-4C8C-BF5E-69B9B6097241}.Release|Any CPU.ActiveCfg = Release|Any CPU
		{BCA1E612-C498-4C8C-BF5E-69B9B6097241}.Release|Any CPU.Build.0 = Release|Any CPU
	EndGlobalSection
EndGlobal
